
Microsoft Visual Studio Solution File, Format Version 12.00
# Visual Studio Version 16
VisualStudioVersion = 16.0.29709.97
MinimumVisualStudioVersion = 10.0.40219.1
Project("{FAE04EC0-301F-11D3-BF4B-00C04F79EFBC}") = "LabirintusTeszt", "LabirintusTeszt\LabirintusTeszt.csproj", "{BEE77B18-7327-45AD-A3C8-73B1B18ABEF9}"
EndProject
Global
	GlobalSection(SolutionConfigurationPlatforms) = preSolution
		Debug|Any CPU = Debug|Any CPU
		Release|Any CPU = Release|Any CPU
	EndGlobalSection
	GlobalSection(ProjectConfigurationPlatforms) = postSolution
		{BEE77B18-7327-45AD-A3C8-73B1B18ABEF9}.Debug|Any CPU.ActiveCfg = Debug|Any CPU
		{BEE77B18-7327-45AD-A3C8-73B1B18ABEF9}.Debug|Any CPU.Build.0 = Debug|Any CPU
		{BEE77B18-7327-45AD-A3C8-73B1B18ABEF9}.Release|Any CPU.ActiveCfg = Release|Any CPU
		{BEE77B18-7327-45AD-A3C8-73B1B18ABEF9}.Release|Any CPU.Build.0 = Release|Any CPU
	EndGlobalSection
	GlobalSection(SolutionProperties) = preSolution
		HideSolutionNode = FALSE
	EndGlobalSection
	GlobalSection(ExtensibilityGlobals) = postSolution
		SolutionGuid = {4446D1FE-5BE1-493B-B4A7-E96B03280448}
	EndGlobalSection
EndGlobal
